// !$*UTF8*$!
{
	archiveVersion = 1;
	classes = {
	};
	objectVersion = 56;
	objects = {

/* Begin PBXBuildFile section */
		5D82B76629721C1400725068 /* WeatherDayView.swift in Sources */ = {isa = PBXBuildFile; fileRef = 5D82B76529721C1400725068 /* WeatherDayView.swift */; };
		5D82B76829721C2D00725068 /* CityTextView.swift in Sources */ = {isa = PBXBuildFile; fileRef = 5D82B76729721C2D00725068 /* CityTextView.swift */; };
		5D82B76A29721C6300725068 /* MainWeatherStatusView.swift in Sources */ = {isa = PBXBuildFile; fileRef = 5D82B76929721C6300725068 /* MainWeatherStatusView.swift */; };
		5D82B76C29721CA400725068 /* BackgroundView.swift in Sources */ = {isa = PBXBuildFile; fileRef = 5D82B76B29721CA400725068 /* BackgroundView.swift */; };
		5D82B76F297221D800725068 /* WheatherViewModel.swift in Sources */ = {isa = PBXBuildFile; fileRef = 5D82B76E297221D800725068 /* WheatherViewModel.swift */; };
		5D82B7712972228000725068 /* WheatherRepository.swift in Sources */ = {isa = PBXBuildFile; fileRef = 5D82B7702972228000725068 /* WheatherRepository.swift */; };
		5D82B7732972234600725068 /* WheatherDTO.swift in Sources */ = {isa = PBXBuildFile; fileRef = 5D82B7722972234600725068 /* WheatherDTO.swift */; };
		5D82B7752972265500725068 /* Publisher+tryDecodeResponse.swift in Sources */ = {isa = PBXBuildFile; fileRef = 5D82B7742972265500725068 /* Publisher+tryDecodeResponse.swift */; };
		5D82B7772972289B00725068 /* Wheather.swift in Sources */ = {isa = PBXBuildFile; fileRef = 5D82B7762972289B00725068 /* Wheather.swift */; };
		C73D7BD22968DAB200E290D5 /* WeatherApp.swift in Sources */ = {isa = PBXBuildFile; fileRef = C73D7BD12968DAB200E290D5 /* WeatherApp.swift */; };
		C73D7BD42968DAB200E290D5 /* WheatherView.swift in Sources */ = {isa = PBXBuildFile; fileRef = C73D7BD32968DAB200E290D5 /* WheatherView.swift */; };
		C73D7BD62968DAB300E290D5 /* Assets.xcassets in Resources */ = {isa = PBXBuildFile; fileRef = C73D7BD52968DAB300E290D5 /* Assets.xcassets */; };
		C73D7BD92968DAB300E290D5 /* Preview Assets.xcassets in Resources */ = {isa = PBXBuildFile; fileRef = C73D7BD82968DAB300E290D5 /* Preview Assets.xcassets */; };
		C7EAF066296E07D1008BBA6E /* WeatherButton.swift in Sources */ = {isa = PBXBuildFile; fileRef = C7EAF065296E07D1008BBA6E /* WeatherButton.swift */; };
/* End PBXBuildFile section */

/* Begin PBXFileReference section */
		5D82B76529721C1400725068 /* WeatherDayView.swift */ = {isa = PBXFileReference; lastKnownFileType = sourcecode.swift; path = WeatherDayView.swift; sourceTree = "<group>"; };
		5D82B76729721C2D00725068 /* CityTextView.swift */ = {isa = PBXFileReference; lastKnownFileType = sourcecode.swift; path = CityTextView.swift; sourceTree = "<group>"; };
		5D82B76929721C6300725068 /* MainWeatherStatusView.swift */ = {isa = PBXFileReference; lastKnownFileType = sourcecode.swift; path = MainWeatherStatusView.swift; sourceTree = "<group>"; };
		5D82B76B29721CA400725068 /* BackgroundView.swift */ = {isa = PBXFileReference; lastKnownFileType = sourcecode.swift; path = BackgroundView.swift; sourceTree = "<group>"; };
		5D82B76E297221D800725068 /* WheatherViewModel.swift */ = {isa = PBXFileReference; lastKnownFileType = sourcecode.swift; path = WheatherViewModel.swift; sourceTree = "<group>"; };
		5D82B7702972228000725068 /* WheatherRepository.swift */ = {isa = PBXFileReference; lastKnownFileType = sourcecode.swift; path = WheatherRepository.swift; sourceTree = "<group>"; };
		5D82B7722972234600725068 /* WheatherDTO.swift */ = {isa = PBXFileReference; lastKnownFileType = sourcecode.swift; path = WheatherDTO.swift; sourceTree = "<group>"; };
		5D82B7742972265500725068 /* Publisher+tryDecodeResponse.swift */ = {isa = PBXFileReference; lastKnownFileType = sourcecode.swift; path = "Publisher+tryDecodeResponse.swift"; sourceTree = "<group>"; };
		5D82B7762972289B00725068 /* Wheather.swift */ = {isa = PBXFileReference; lastKnownFileType = sourcecode.swift; path = Wheather.swift; sourceTree = "<group>"; };
		C73D7BCE2968DAB200E290D5 /* Weather.app */ = {isa = PBXFileReference; explicitFileType = wrapper.application; includeInIndex = 0; path = Weather.app; sourceTree = BUILT_PRODUCTS_DIR; };
		C73D7BD12968DAB200E290D5 /* WeatherApp.swift */ = {isa = PBXFileReference; lastKnownFileType = sourcecode.swift; path = WeatherApp.swift; sourceTree = "<group>"; };
		C73D7BD32968DAB200E290D5 /* WheatherView.swift */ = {isa = PBXFileReference; lastKnownFileType = sourcecode.swift; path = WheatherView.swift; sourceTree = "<group>"; };
		C73D7BD52968DAB300E290D5 /* Assets.xcassets */ = {isa = PBXFileReference; lastKnownFileType = folder.assetcatalog; path = Assets.xcassets; sourceTree = "<group>"; };
		C73D7BD82968DAB300E290D5 /* Preview Assets.xcassets */ = {isa = PBXFileReference; lastKnownFileType = folder.assetcatalog; path = "Preview Assets.xcassets"; sourceTree = "<group>"; };
		C7EAF065296E07D1008BBA6E /* WeatherButton.swift */ = {isa = PBXFileReference; lastKnownFileType = sourcecode.swift; path = WeatherButton.swift; sourceTree = "<group>"; };
/* End PBXFileReference section */

/* Begin PBXFrameworksBuildPhase section */
		C73D7BCB2968DAB200E290D5 /* Frameworks */ = {
			isa = PBXFrameworksBuildPhase;
			buildActionMask = 2147483647;
			files = (
			);
			runOnlyForDeploymentPostprocessing = 0;
		};
/* End PBXFrameworksBuildPhase section */

/* Begin PBXGroup section */
		C73D7BC52968DAB200E290D5 = {
			isa = PBXGroup;
			children = (
				C73D7BD02968DAB200E290D5 /* Weather */,
				C73D7BCF2968DAB200E290D5 /* Products */,
			);
			sourceTree = "<group>";
		};
		C73D7BCF2968DAB200E290D5 /* Products */ = {
			isa = PBXGroup;
			children = (
				C73D7BCE2968DAB200E290D5 /* Weather.app */,
			);
			name = Products;
			sourceTree = "<group>";
		};
		C73D7BD02968DAB200E290D5 /* Weather */ = {
			isa = PBXGroup;
			children = (
				C73D7BD12968DAB200E290D5 /* WeatherApp.swift */,
				C73D7BD32968DAB200E290D5 /* WheatherView.swift */,
				5D82B76E297221D800725068 /* WheatherViewModel.swift */,
				5D82B7762972289B00725068 /* Wheather.swift */,
				5D82B7702972228000725068 /* WheatherRepository.swift */,
				5D82B7742972265500725068 /* Publisher+tryDecodeResponse.swift */,
				5D82B7722972234600725068 /* WheatherDTO.swift */,
				5D82B76B29721CA400725068 /* BackgroundView.swift */,
				5D82B76929721C6300725068 /* MainWeatherStatusView.swift */,
				5D82B76729721C2D00725068 /* CityTextView.swift */,
				5D82B76529721C1400725068 /* WeatherDayView.swift */,
				C73D7BD52968DAB300E290D5 /* Assets.xcassets */,
				C73D7BD72968DAB300E290D5 /* Preview Content */,
				C7EAF065296E07D1008BBA6E /* WeatherButton.swift */,
			);
			path = Weather;
			sourceTree = "<group>";
		};
		C73D7BD72968DAB300E290D5 /* Preview Content */ = {
			isa = PBXGroup;
			children = (
				C73D7BD82968DAB300E290D5 /* Preview Assets.xcassets */,
			);
			path = "Preview Content";
			sourceTree = "<group>";
		};
/* End PBXGroup section */

/* Begin PBXNativeTarget section */
		C73D7BCD2968DAB200E290D5 /* Weather */ = {
			isa = PBXNativeTarget;
			buildConfigurationList = C73D7BDC2968DAB300E290D5 /* Build configuration list for PBXNativeTarget "Weather" */;
			buildPhases = (
				C73D7BCA2968DAB200E290D5 /* Sources */,
				C73D7BCB2968DAB200E290D5 /* Frameworks */,
				C73D7BCC2968DAB200E290D5 /* Resources */,
			);
			buildRules = (
			);
			dependencies = (
			);
			name = Weather;
			productName = Weather;
			productReference = C73D7BCE2968DAB200E290D5 /* Weather.app */;
			productType = "com.apple.product-type.application";
		};
/* End PBXNativeTarget section */

/* Begin PBXProject section */
		C73D7BC62968DAB200E290D5 /* Project object */ = {
			isa = PBXProject;
			attributes = {
				BuildIndependentTargetsInParallel = 1;
				LastSwiftUpdateCheck = 1420;
				LastUpgradeCheck = 1420;
				TargetAttributes = {
					C73D7BCD2968DAB200E290D5 = {
						CreatedOnToolsVersion = 14.2;
					};
				};
			};
			buildConfigurationList = C73D7BC92968DAB200E290D5 /* Build configuration list for PBXProject "Weather" */;
			compatibilityVersion = "Xcode 14.0";
			developmentRegion = en;
			hasScannedForEncodings = 0;
			knownRegions = (
				en,
				Base,
			);
			mainGroup = C73D7BC52968DAB200E290D5;
			productRefGroup = C73D7BCF2968DAB200E290D5 /* Products */;
			projectDirPath = "";
			projectRoot = "";
			targets = (
				C73D7BCD2968DAB200E290D5 /* Weather */,
			);
		};
/* End PBXProject section */

/* Begin PBXResourcesBuildPhase section */
		C73D7BCC2968DAB200E290D5 /* Resources */ = {
			isa = PBXResourcesBuildPhase;
			buildActionMask = 2147483647;
			files = (
				C73D7BD92968DAB300E290D5 /* Preview Assets.xcassets in Resources */,
				C73D7BD62968DAB300E290D5 /* Assets.xcassets in Resources */,
			);
			runOnlyForDeploymentPostprocessing = 0;
		};
/* End PBXResourcesBuildPhase section */

/* Begin PBXSourcesBuildPhase section */
		C73D7BCA2968DAB200E290D5 /* Sources */ = {
			isa = PBXSourcesBuildPhase;
			buildActionMask = 2147483647;
			files = (
				5D82B76629721C1400725068 /* WeatherDayView.swift in Sources */,
				5D82B76829721C2D00725068 /* CityTextView.swift in Sources */,
				5D82B76A29721C6300725068 /* MainWeatherStatusView.swift in Sources */,
				5D82B76C29721CA400725068 /* BackgroundView.swift in Sources */,
				C73D7BD42968DAB200E290D5 /* WheatherView.swift in Sources */,
				5D82B7772972289B00725068 /* Wheather.swift in Sources */,
				C73D7BD22968DAB200E290D5 /* WeatherApp.swift in Sources */,
				5D82B7712972228000725068 /* WheatherRepository.swift in Sources */,
				5D82B76F297221D800725068 /* WheatherViewModel.swift in Sources */,
				C7EAF066296E07D1008BBA6E /* WeatherButton.swift in Sources */,
				5D82B7732972234600725068 /* WheatherDTO.swift in Sources */,
				5D82B7752972265500725068 /* Publisher+tryDecodeResponse.swift in Sources */,
			);
			runOnlyForDeploymentPostprocessing = 0;
		};
/* End PBXSourcesBuildPhase section */

/* Begin XCBuildConfiguration section */
		C73D7BDA2968DAB300E290D5 /* Debug */ = {
			isa = XCBuildConfiguration;
			buildSettings = {
				ALWAYS_SEARCH_USER_PATHS = NO;
				CLANG_ANALYZER_NONNULL = YES;
				CLANG_ANALYZER_NUMBER_OBJECT_CONVERSION = YES_AGGRESSIVE;
				CLANG_CXX_LANGUAGE_STANDARD = "gnu++20";
				CLANG_ENABLE_MODULES = YES;
				CLANG_ENABLE_OBJC_ARC = YES;
				CLANG_ENABLE_OBJC_WEAK = YES;
				CLANG_WARN_BLOCK_CAPTURE_AUTORELEASING = YES;
				CLANG_WARN_BOOL_CONVERSION = YES;
				CLANG_WARN_COMMA = YES;
				CLANG_WARN_CONSTANT_CONVERSION = YES;
				CLANG_WARN_DEPRECATED_OBJC_IMPLEMENTATIONS = YES;
				CLANG_WARN_DIRECT_OBJC_ISA_USAGE = YES_ERROR;
				CLANG_WARN_DOCUMENTATION_COMMENTS = YES;
				CLANG_WARN_EMPTY_BODY = YES;
				CLANG_WARN_ENUM_CONVERSION = YES;
				CLANG_WARN_INFINITE_RECURSION = YES;
				CLANG_WARN_INT_CONVERSION = YES;
				CLANG_WARN_NON_LITERAL_NULL_CONVERSION = YES;
				CLANG_WARN_OBJC_IMPLICIT_RETAIN_SELF = YES;
				CLANG_WARN_OBJC_LITERAL_CONVERSION = YES;
				CLANG_WARN_OBJC_ROOT_CLASS = YES_ERROR;
				CLANG_WARN_QUOTED_INCLUDE_IN_FRAMEWORK_HEADER = YES;
				CLANG_WARN_RANGE_LOOP_ANALYSIS = YES;
				CLANG_WARN_STRICT_PROTOTYPES = YES;
				CLANG_WARN_SUSPICIOUS_MOVE = YES;
				CLANG_WARN_UNGUARDED_AVAILABILITY = YES_AGGRESSIVE;
				CLANG_WARN_UNREACHABLE_CODE = YES;
				CLANG_WARN__DUPLICATE_METHOD_MATCH = YES;
				COPY_PHASE_STRIP = NO;
				DEBUG_INFORMATION_FORMAT = dwarf;
				ENABLE_STRICT_OBJC_MSGSEND = YES;
				ENABLE_TESTABILITY = YES;
				GCC_C_LANGUAGE_STANDARD = gnu11;
				GCC_DYNAMIC_NO_PIC = NO;
				GCC_NO_COMMON_BLOCKS = YES;
				GCC_OPTIMIZATION_LEVEL = 0;
				GCC_PREPROCESSOR_DEFINITIONS = (
					"DEBUG=1",
					"$(inherited)",
				);
				GCC_WARN_64_TO_32_BIT_CONVERSION = YES;
				GCC_WARN_ABOUT_RETURN_TYPE = YES_ERROR;
				GCC_WARN_UNDECLARED_SELECTOR = YES;
				GCC_WARN_UNINITIALIZED_AUTOS = YES_AGGRESSIVE;
				GCC_WARN_UNUSED_FUNCTION = YES;
				GCC_WARN_UNUSED_VARIABLE = YES;
				IPHONEOS_DEPLOYMENT_TARGET = 16.2;
				MTL_ENABLE_DEBUG_INFO = INCLUDE_SOURCE;
				MTL_FAST_MATH = YES;
				ONLY_ACTIVE_ARCH = YES;
				SDKROOT = iphoneos;
				SWIFT_ACTIVE_COMPILATION_CONDITIONS = DEBUG;
				SWIFT_OPTIMIZATION_LEVEL = "-Onone";
			};
			name = Debug;
		};
		C73D7BDB2968DAB300E290D5 /* Release */ = {
			isa = XCBuildConfiguration;
			buildSettings = {
				ALWAYS_SEARCH_USER_PATHS = NO;
				CLANG_ANALYZER_NONNULL = YES;
				CLANG_ANALYZER_NUMBER_OBJECT_CONVERSION = YES_AGGRESSIVE;
				CLANG_CXX_LANGUAGE_STANDARD = "gnu++20";
				CLANG_ENABLE_MODULES = YES;
				CLANG_ENABLE_OBJC_ARC = YES;
				CLANG_ENABLE_OBJC_WEAK = YES;
				CLANG_WARN_BLOCK_CAPTURE_AUTORELEASING = YES;
				CLANG_WARN_BOOL_CONVERSION = YES;
				CLANG_WARN_COMMA = YES;
				CLANG_WARN_CONSTANT_CONVERSION = YES;
				CLANG_WARN_DEPRECATED_OBJC_IMPLEMENTATIONS = YES;
				CLANG_WARN_DIRECT_OBJC_ISA_USAGE = YES_ERROR;
				CLANG_WARN_DOCUMENTATION_COMMENTS = YES;
				CLANG_WARN_EMPTY_BODY = YES;
				CLANG_WARN_ENUM_CONVERSION = YES;
				CLANG_WARN_INFINITE_RECURSION = YES;
				CLANG_WARN_INT_CONVERSION = YES;
				CLANG_WARN_NON_LITERAL_NULL_CONVERSION = YES;
				CLANG_WARN_OBJC_IMPLICIT_RETAIN_SELF = YES;
				CLANG_WARN_OBJC_LITERAL_CONVERSION = YES;
				CLANG_WARN_OBJC_ROOT_CLASS = YES_ERROR;
				CLANG_WARN_QUOTED_INCLUDE_IN_FRAMEWORK_HEADER = YES;
				CLANG_WARN_RANGE_LOOP_ANALYSIS = YES;
				CLANG_WARN_STRICT_PROTOTYPES = YES;
				CLANG_WARN_SUSPICIOUS_MOVE = YES;
				CLANG_WARN_UNGUARDED_AVAILABILITY = YES_AGGRESSIVE;
				CLANG_WARN_UNREACHABLE_CODE = YES;
				CLANG_WARN__DUPLICATE_METHOD_MATCH = YES;
				COPY_PHASE_STRIP = NO;
				DEBUG_INFORMATION_FORMAT = "dwarf-with-dsym";
				ENABLE_NS_ASSERTIONS = NO;
				ENABLE_STRICT_OBJC_MSGSEND = YES;
				GCC_C_LANGUAGE_STANDARD = gnu11;
				GCC_NO_COMMON_BLOCKS = YES;
				GCC_WARN_64_TO_32_BIT_CONVERSION = YES;
				GCC_WARN_ABOUT_RETURN_TYPE = YES_ERROR;
				GCC_WARN_UNDECLARED_SELECTOR = YES;
				GCC_WARN_UNINITIALIZED_AUTOS = YES_AGGRESSIVE;
				GCC_WARN_UNUSED_FUNCTION = YES;
				GCC_WARN_UNUSED_VARIABLE = YES;
				IPHONEOS_DEPLOYMENT_TARGET = 16.2;
				MTL_ENABLE_DEBUG_INFO = NO;
				MTL_FAST_MATH = YES;
				SDKROOT = iphoneos;
				SWIFT_COMPILATION_MODE = wholemodule;
				SWIFT_OPTIMIZATION_LEVEL = "-O";
				VALIDATE_PRODUCT = YES;
			};
			name = Release;
		};
		C73D7BDD2968DAB300E290D5 /* Debug */ = {
			isa = XCBuildConfiguration;
			buildSettings = {
				ASSETCATALOG_COMPILER_APPICON_NAME = AppIcon;
				ASSETCATALOG_COMPILER_GLOBAL_ACCENT_COLOR_NAME = AccentColor;
				CODE_SIGN_STYLE = Automatic;
				CURRENT_PROJECT_VERSION = 1;
				DEVELOPMENT_ASSET_PATHS = "\"Weather/Preview Content\"";
				DEVELOPMENT_TEAM = L9XDAPP9VH;
				ENABLE_PREVIEWS = YES;
				GENERATE_INFOPLIST_FILE = YES;
				INFOPLIST_KEY_UIApplicationSceneManifest_Generation = YES;
				INFOPLIST_KEY_UIApplicationSupportsIndirectInputEvents = YES;
				INFOPLIST_KEY_UILaunchScreen_Generation = YES;
				INFOPLIST_KEY_UISupportedInterfaceOrientations_iPad = "UIInterfaceOrientationPortrait UIInterfaceOrientationPortraitUpsideDown UIInterfaceOrientationLandscapeLeft UIInterfaceOrientationLandscapeRight";
				INFOPLIST_KEY_UISupportedInterfaceOrientations_iPhone = "UIInterfaceOrientationPortrait UIInterfaceOrientationLandscapeLeft UIInterfaceOrientationLandscapeRight";
				IPHONEOS_DEPLOYMENT_TARGET = 15.0;
				LD_RUNPATH_SEARCH_PATHS = (
					"$(inherited)",
					"@executable_path/Frameworks",
				);
				MARKETING_VERSION = 1.0;
				PRODUCT_BUNDLE_IDENTIFIER = "maxstefankiv2001-gmail.com.Weather";
				PRODUCT_NAME = "$(TARGET_NAME)";
				SWIFT_EMIT_LOC_STRINGS = YES;
				SWIFT_VERSION = 5.0;
				TARGETED_DEVICE_FAMILY = "1,2";
			};
			name = Debug;
		};
		C73D7BDE2968DAB300E290D5 /* Release */ = {
			isa = XCBuildConfiguration;
			buildSettings = {
				ASSETCATALOG_COMPILER_APPICON_NAME = AppIcon;
				ASSETCATALOG_COMPILER_GLOBAL_ACCENT_COLOR_NAME = AccentColor;
				CODE_SIGN_STYLE = Automatic;
				CURRENT_PROJECT_VERSION = 1;
				DEVELOPMENT_ASSET_PATHS = "\"Weather/Preview Content\"";
				DEVELOPMENT_TEAM = L9XDAPP9VH;
				ENABLE_PREVIEWS = YES;
				GENERATE_INFOPLIST_FILE = YES;
				INFOPLIST_KEY_UIApplicationSceneManifest_Generation = YES;
				INFOPLIST_KEY_UIApplicationSupportsIndirectInputEvents = YES;
				INFOPLIST_KEY_UILaunchScreen_Generation = YES;
				INFOPLIST_KEY_UISupportedInterfaceOrientations_iPad = "UIInterfaceOrientationPortrait UIInterfaceOrientationPortraitUpsideDown UIInterfaceOrientationLandscapeLeft UIInterfaceOrientationLandscapeRight";
				INFOPLIST_KEY_UISupportedInterfaceOrientations_iPhone = "UIInterfaceOrientationPortrait UIInterfaceOrientationLandscapeLeft UIInterfaceOrientationLandscapeRight";
				IPHONEOS_DEPLOYMENT_TARGET = 15.0;
				LD_RUNPATH_SEARCH_PATHS = (
					"$(inherited)",
					"@executable_path/Frameworks",
				);
				MARKETING_VERSION = 1.0;
				PRODUCT_BUNDLE_IDENTIFIER = "maxstefankiv2001-gmail.com.Weather";
				PRODUCT_NAME = "$(TARGET_NAME)";
				SWIFT_EMIT_LOC_STRINGS = YES;
				SWIFT_VERSION = 5.0;
				TARGETED_DEVICE_FAMILY = "1,2";
			};
			name = Release;
		};
/* End XCBuildConfiguration section */

/* Begin XCConfigurationList section */
		C73D7BC92968DAB200E290D5 /* Build configuration list for PBXProject "Weather" */ = {
			isa = XCConfigurationList;
			buildConfigurations = (
				C73D7BDA2968DAB300E290D5 /* Debug */,
				C73D7BDB2968DAB300E290D5 /* Release */,
			);
			defaultConfigurationIsVisible = 0;
			defaultConfigurationName = Release;
		};
		C73D7BDC2968DAB300E290D5 /* Build configuration list for PBXNativeTarget "Weather" */ = {
			isa = XCConfigurationList;
			buildConfigurations = (
				C73D7BDD2968DAB300E290D5 /* Debug */,
				C73D7BDE2968DAB300E290D5 /* Release */,
			);
			defaultConfigurationIsVisible = 0;
			defaultConfigurationName = Release;
		};
/* End XCConfigurationList section */
	};
	rootObject = C73D7BC62968DAB200E290D5 /* Project object */;
}
