// !$*UTF8*$!
{
	archiveVersion = 1;
	classes = {
	};
	objectVersion = 56;
	objects = {

/* Begin PBXBuildFile section */
		5D051CC729D4DB6200081FDF /* UserDataService.swift in Sources */ = {isa = PBXBuildFile; fileRef = 5D051CC629D4DB6200081FDF /* UserDataService.swift */; };
		5D051CC929D4DD4B00081FDF /* KeyChain.swift in Sources */ = {isa = PBXBuildFile; fileRef = 5D051CC829D4DD4B00081FDF /* KeyChain.swift */; };
		C72BE72C29D365C200EBEC70 /* AppDelegate.swift in Sources */ = {isa = PBXBuildFile; fileRef = C72BE72B29D365C200EBEC70 /* AppDelegate.swift */; };
		C72BE72E29D365C200EBEC70 /* SceneDelegate.swift in Sources */ = {isa = PBXBuildFile; fileRef = C72BE72D29D365C200EBEC70 /* SceneDelegate.swift */; };
		C72BE73029D365C200EBEC70 /* LoginViewController.swift in Sources */ = {isa = PBXBuildFile; fileRef = C72BE72F29D365C200EBEC70 /* LoginViewController.swift */; };
		C72BE73329D365C200EBEC70 /* Main.storyboard in Resources */ = {isa = PBXBuildFile; fileRef = C72BE73129D365C200EBEC70 /* Main.storyboard */; };
		C72BE73629D365C200EBEC70 /* TestTask.xcdatamodeld in Sources */ = {isa = PBXBuildFile; fileRef = C72BE73429D365C200EBEC70 /* TestTask.xcdatamodeld */; };
		C72BE73829D365C300EBEC70 /* Assets.xcassets in Resources */ = {isa = PBXBuildFile; fileRef = C72BE73729D365C300EBEC70 /* Assets.xcassets */; };
		C72BE73B29D365C300EBEC70 /* LaunchScreen.storyboard in Resources */ = {isa = PBXBuildFile; fileRef = C72BE73929D365C300EBEC70 /* LaunchScreen.storyboard */; };
		C72BE74329D375EE00EBEC70 /* HomeViewController.swift in Sources */ = {isa = PBXBuildFile; fileRef = C72BE74229D375EE00EBEC70 /* HomeViewController.swift */; };
		C72BE74529D3760900EBEC70 /* ProfileViewController.swift in Sources */ = {isa = PBXBuildFile; fileRef = C72BE74429D3760900EBEC70 /* ProfileViewController.swift */; };
		C72BE74929D3777B00EBEC70 /* FavoritesViewController.swift in Sources */ = {isa = PBXBuildFile; fileRef = C72BE74829D3777B00EBEC70 /* FavoritesViewController.swift */; };
		C7AC34D929D462A0004CE4F1 /* Movie.swift in Sources */ = {isa = PBXBuildFile; fileRef = C7AC34D829D462A0004CE4F1 /* Movie.swift */; };
		C7AC34DC29D47102004CE4F1 /* MovieTableViewCell.swift in Sources */ = {isa = PBXBuildFile; fileRef = C7AC34DB29D47102004CE4F1 /* MovieTableViewCell.swift */; };
		C7F60A9729D6D0F900E79541 /* MovieDetailViewController.swift in Sources */ = {isa = PBXBuildFile; fileRef = C7F60A9629D6D0F900E79541 /* MovieDetailViewController.swift */; };
		C7F60A9929D6DF7000E79541 /* FavoritesDataService.swift in Sources */ = {isa = PBXBuildFile; fileRef = C7F60A9829D6DF7000E79541 /* FavoritesDataService.swift */; };
/* End PBXBuildFile section */

/* Begin PBXFileReference section */
		5D051CC629D4DB6200081FDF /* UserDataService.swift */ = {isa = PBXFileReference; lastKnownFileType = sourcecode.swift; path = UserDataService.swift; sourceTree = "<group>"; };
		5D051CC829D4DD4B00081FDF /* KeyChain.swift */ = {isa = PBXFileReference; lastKnownFileType = sourcecode.swift; path = KeyChain.swift; sourceTree = "<group>"; };
		C72BE72829D365C200EBEC70 /* TestTask.app */ = {isa = PBXFileReference; explicitFileType = wrapper.application; includeInIndex = 0; path = TestTask.app; sourceTree = BUILT_PRODUCTS_DIR; };
		C72BE72B29D365C200EBEC70 /* AppDelegate.swift */ = {isa = PBXFileReference; lastKnownFileType = sourcecode.swift; path = AppDelegate.swift; sourceTree = "<group>"; };
		C72BE72D29D365C200EBEC70 /* SceneDelegate.swift */ = {isa = PBXFileReference; lastKnownFileType = sourcecode.swift; path = SceneDelegate.swift; sourceTree = "<group>"; };
		C72BE72F29D365C200EBEC70 /* LoginViewController.swift */ = {isa = PBXFileReference; lastKnownFileType = sourcecode.swift; path = LoginViewController.swift; sourceTree = "<group>"; };
		C72BE73229D365C200EBEC70 /* Base */ = {isa = PBXFileReference; lastKnownFileType = file.storyboard; name = Base; path = Base.lproj/Main.storyboard; sourceTree = "<group>"; };
		C72BE73529D365C200EBEC70 /* TestTask.xcdatamodel */ = {isa = PBXFileReference; lastKnownFileType = wrapper.xcdatamodel; path = TestTask.xcdatamodel; sourceTree = "<group>"; };
		C72BE73729D365C300EBEC70 /* Assets.xcassets */ = {isa = PBXFileReference; lastKnownFileType = folder.assetcatalog; path = Assets.xcassets; sourceTree = "<group>"; };
		C72BE73A29D365C300EBEC70 /* Base */ = {isa = PBXFileReference; lastKnownFileType = file.storyboard; name = Base; path = Base.lproj/LaunchScreen.storyboard; sourceTree = "<group>"; };
		C72BE73C29D365C300EBEC70 /* Info.plist */ = {isa = PBXFileReference; lastKnownFileType = text.plist.xml; path = Info.plist; sourceTree = "<group>"; };
		C72BE74229D375EE00EBEC70 /* HomeViewController.swift */ = {isa = PBXFileReference; lastKnownFileType = sourcecode.swift; path = HomeViewController.swift; sourceTree = "<group>"; };
		C72BE74429D3760900EBEC70 /* ProfileViewController.swift */ = {isa = PBXFileReference; lastKnownFileType = sourcecode.swift; path = ProfileViewController.swift; sourceTree = "<group>"; };
		C72BE74829D3777B00EBEC70 /* FavoritesViewController.swift */ = {isa = PBXFileReference; lastKnownFileType = sourcecode.swift; path = FavoritesViewController.swift; sourceTree = "<group>"; };
		C7AC34D829D462A0004CE4F1 /* Movie.swift */ = {isa = PBXFileReference; lastKnownFileType = sourcecode.swift; path = Movie.swift; sourceTree = "<group>"; };
		C7AC34DB29D47102004CE4F1 /* MovieTableViewCell.swift */ = {isa = PBXFileReference; lastKnownFileType = sourcecode.swift; path = MovieTableViewCell.swift; sourceTree = "<group>"; };
		C7F60A9629D6D0F900E79541 /* MovieDetailViewController.swift */ = {isa = PBXFileReference; lastKnownFileType = sourcecode.swift; path = MovieDetailViewController.swift; sourceTree = "<group>"; };
		C7F60A9829D6DF7000E79541 /* FavoritesDataService.swift */ = {isa = PBXFileReference; lastKnownFileType = sourcecode.swift; path = FavoritesDataService.swift; sourceTree = "<group>"; };
/* End PBXFileReference section */

/* Begin PBXFrameworksBuildPhase section */
		C72BE72529D365C200EBEC70 /* Frameworks */ = {
			isa = PBXFrameworksBuildPhase;
			buildActionMask = 2147483647;
			files = (
			);
			runOnlyForDeploymentPostprocessing = 0;
		};
/* End PBXFrameworksBuildPhase section */

/* Begin PBXGroup section */
		C72BE71F29D365C200EBEC70 = {
			isa = PBXGroup;
			children = (
				C72BE72A29D365C200EBEC70 /* TestTask */,
				C72BE72929D365C200EBEC70 /* Products */,
			);
			sourceTree = "<group>";
		};
		C72BE72929D365C200EBEC70 /* Products */ = {
			isa = PBXGroup;
			children = (
				C72BE72829D365C200EBEC70 /* TestTask.app */,
			);
			name = Products;
			sourceTree = "<group>";
		};
		C72BE72A29D365C200EBEC70 /* TestTask */ = {
			isa = PBXGroup;
			children = (
				C7F60A9B29D70A6600E79541 /* Delegates */,
				C7AC34DA29D462CD004CE4F1 /* Movie */,
				C7F60A9A29D6DF7C00E79541 /* Services */,
				C72BE74A29D378A700EBEC70 /* ViewControllers */,
				5D051CC829D4DD4B00081FDF /* KeyChain.swift */,
				C72BE73129D365C200EBEC70 /* Main.storyboard */,
				C72BE73929D365C300EBEC70 /* LaunchScreen.storyboard */,
				C72BE73729D365C300EBEC70 /* Assets.xcassets */,
				C72BE73429D365C200EBEC70 /* TestTask.xcdatamodeld */,
				C72BE73C29D365C300EBEC70 /* Info.plist */,
			);
			path = TestTask;
			sourceTree = "<group>";
		};
		C72BE74A29D378A700EBEC70 /* ViewControllers */ = {
			isa = PBXGroup;
			children = (
				C72BE74829D3777B00EBEC70 /* FavoritesViewController.swift */,
				C72BE74229D375EE00EBEC70 /* HomeViewController.swift */,
				C72BE72F29D365C200EBEC70 /* LoginViewController.swift */,
				C7F60A9629D6D0F900E79541 /* MovieDetailViewController.swift */,
				C7AC34DB29D47102004CE4F1 /* MovieTableViewCell.swift */,
				C72BE74429D3760900EBEC70 /* ProfileViewController.swift */,
			);
			path = ViewControllers;
			sourceTree = "<group>";
		};
		C7AC34DA29D462CD004CE4F1 /* Movie */ = {
			isa = PBXGroup;
			children = (
				C7AC34D829D462A0004CE4F1 /* Movie.swift */,
			);
			path = Movie;
			sourceTree = "<group>";
		};
		C7F60A9A29D6DF7C00E79541 /* Services */ = {
			isa = PBXGroup;
			children = (
				C7F60A9829D6DF7000E79541 /* FavoritesDataService.swift */,
				5D051CC629D4DB6200081FDF /* UserDataService.swift */,
			);
			path = Services;
			sourceTree = "<group>";
		};
		C7F60A9B29D70A6600E79541 /* Delegates */ = {
			isa = PBXGroup;
			children = (
				C72BE72B29D365C200EBEC70 /* AppDelegate.swift */,
				C72BE72D29D365C200EBEC70 /* SceneDelegate.swift */,
			);
			path = Delegates;
			sourceTree = "<group>";
		};
/* End PBXGroup section */

/* Begin PBXNativeTarget section */
		C72BE72729D365C200EBEC70 /* TestTask */ = {
			isa = PBXNativeTarget;
			buildConfigurationList = C72BE73F29D365C300EBEC70 /* Build configuration list for PBXNativeTarget "TestTask" */;
			buildPhases = (
				C72BE72429D365C200EBEC70 /* Sources */,
				C72BE72529D365C200EBEC70 /* Frameworks */,
				C72BE72629D365C200EBEC70 /* Resources */,
			);
			buildRules = (
			);
			dependencies = (
			);
			name = TestTask;
			productName = TestTask;
			productReference = C72BE72829D365C200EBEC70 /* TestTask.app */;
			productType = "com.apple.product-type.application";
		};
/* End PBXNativeTarget section */

/* Begin PBXProject section */
		C72BE72029D365C200EBEC70 /* Project object */ = {
			isa = PBXProject;
			attributes = {
				BuildIndependentTargetsInParallel = 1;
				LastSwiftUpdateCheck = 1420;
				LastUpgradeCheck = 1420;
				TargetAttributes = {
					C72BE72729D365C200EBEC70 = {
						CreatedOnToolsVersion = 14.2;
					};
				};
			};
			buildConfigurationList = C72BE72329D365C200EBEC70 /* Build configuration list for PBXProject "TestTask" */;
			compatibilityVersion = "Xcode 14.0";
			developmentRegion = en;
			hasScannedForEncodings = 0;
			knownRegions = (
				en,
				Base,
			);
			mainGroup = C72BE71F29D365C200EBEC70;
			productRefGroup = C72BE72929D365C200EBEC70 /* Products */;
			projectDirPath = "";
			projectRoot = "";
			targets = (
				C72BE72729D365C200EBEC70 /* TestTask */,
			);
		};
/* End PBXProject section */

/* Begin PBXResourcesBuildPhase section */
		C72BE72629D365C200EBEC70 /* Resources */ = {
			isa = PBXResourcesBuildPhase;
			buildActionMask = 2147483647;
			files = (
				C72BE73B29D365C300EBEC70 /* LaunchScreen.storyboard in Resources */,
				C72BE73829D365C300EBEC70 /* Assets.xcassets in Resources */,
				C72BE73329D365C200EBEC70 /* Main.storyboard in Resources */,
			);
			runOnlyForDeploymentPostprocessing = 0;
		};
/* End PBXResourcesBuildPhase section */

/* Begin PBXSourcesBuildPhase section */
		C72BE72429D365C200EBEC70 /* Sources */ = {
			isa = PBXSourcesBuildPhase;
			buildActionMask = 2147483647;
			files = (
				5D051CC929D4DD4B00081FDF /* KeyChain.swift in Sources */,
				C72BE74529D3760900EBEC70 /* ProfileViewController.swift in Sources */,
				C72BE74329D375EE00EBEC70 /* HomeViewController.swift in Sources */,
				C7AC34DC29D47102004CE4F1 /* MovieTableViewCell.swift in Sources */,
				C7F60A9729D6D0F900E79541 /* MovieDetailViewController.swift in Sources */,
				C7F60A9929D6DF7000E79541 /* FavoritesDataService.swift in Sources */,
				C7AC34D929D462A0004CE4F1 /* Movie.swift in Sources */,
				C72BE74929D3777B00EBEC70 /* FavoritesViewController.swift in Sources */,
				C72BE73629D365C200EBEC70 /* TestTask.xcdatamodeld in Sources */,
				5D051CC729D4DB6200081FDF /* UserDataService.swift in Sources */,
				C72BE73029D365C200EBEC70 /* LoginViewController.swift in Sources */,
				C72BE72C29D365C200EBEC70 /* AppDelegate.swift in Sources */,
				C72BE72E29D365C200EBEC70 /* SceneDelegate.swift in Sources */,
			);
			runOnlyForDeploymentPostprocessing = 0;
		};
/* End PBXSourcesBuildPhase section */

/* Begin PBXVariantGroup section */
		C72BE73129D365C200EBEC70 /* Main.storyboard */ = {
			isa = PBXVariantGroup;
			children = (
				C72BE73229D365C200EBEC70 /* Base */,
			);
			name = Main.storyboard;
			sourceTree = "<group>";
		};
		C72BE73929D365C300EBEC70 /* LaunchScreen.storyboard */ = {
			isa = PBXVariantGroup;
			children = (
				C72BE73A29D365C300EBEC70 /* Base */,
			);
			name = LaunchScreen.storyboard;
			sourceTree = "<group>";
		};
/* End PBXVariantGroup section */

/* Begin XCBuildConfiguration section */
		C72BE73D29D365C300EBEC70 /* Debug */ = {
			isa = XCBuildConfiguration;
			buildSettings = {
				ALWAYS_SEARCH_USER_PATHS = NO;
				CLANG_ANALYZER_NONNULL = YES;
				CLANG_ANALYZER_NUMBER_OBJECT_CONVERSION = YES_AGGRESSIVE;
				CLANG_CXX_LANGUAGE_STANDARD = "gnu++20";
				CLANG_ENABLE_MODULES = YES;
				CLANG_ENABLE_OBJC_ARC = YES;
				CLANG_ENABLE_OBJC_WEAK = YES;
				CLANG_WARN_BLOCK_CAPTURE_AUTORELEASING = YES;
				CLANG_WARN_BOOL_CONVERSION = YES;
				CLANG_WARN_COMMA = YES;
				CLANG_WARN_CONSTANT_CONVERSION = YES;
				CLANG_WARN_DEPRECATED_OBJC_IMPLEMENTATIONS = YES;
				CLANG_WARN_DIRECT_OBJC_ISA_USAGE = YES_ERROR;
				CLANG_WARN_DOCUMENTATION_COMMENTS = YES;
				CLANG_WARN_EMPTY_BODY = YES;
				CLANG_WARN_ENUM_CONVERSION = YES;
				CLANG_WARN_INFINITE_RECURSION = YES;
				CLANG_WARN_INT_CONVERSION = YES;
				CLANG_WARN_NON_LITERAL_NULL_CONVERSION = YES;
				CLANG_WARN_OBJC_IMPLICIT_RETAIN_SELF = YES;
				CLANG_WARN_OBJC_LITERAL_CONVERSION = YES;
				CLANG_WARN_OBJC_ROOT_CLASS = YES_ERROR;
				CLANG_WARN_QUOTED_INCLUDE_IN_FRAMEWORK_HEADER = YES;
				CLANG_WARN_RANGE_LOOP_ANALYSIS = YES;
				CLANG_WARN_STRICT_PROTOTYPES = YES;
				CLANG_WARN_SUSPICIOUS_MOVE = YES;
				CLANG_WARN_UNGUARDED_AVAILABILITY = YES_AGGRESSIVE;
				CLANG_WARN_UNREACHABLE_CODE = YES;
				CLANG_WARN__DUPLICATE_METHOD_MATCH = YES;
				COPY_PHASE_STRIP = NO;
				DEBUG_INFORMATION_FORMAT = dwarf;
				ENABLE_STRICT_OBJC_MSGSEND = YES;
				ENABLE_TESTABILITY = YES;
				GCC_C_LANGUAGE_STANDARD = gnu11;
				GCC_DYNAMIC_NO_PIC = NO;
				GCC_NO_COMMON_BLOCKS = YES;
				GCC_OPTIMIZATION_LEVEL = 0;
				GCC_PREPROCESSOR_DEFINITIONS = (
					"DEBUG=1",
					"$(inherited)",
				);
				GCC_WARN_64_TO_32_BIT_CONVERSION = YES;
				GCC_WARN_ABOUT_RETURN_TYPE = YES_ERROR;
				GCC_WARN_UNDECLARED_SELECTOR = YES;
				GCC_WARN_UNINITIALIZED_AUTOS = YES_AGGRESSIVE;
				GCC_WARN_UNUSED_FUNCTION = YES;
				GCC_WARN_UNUSED_VARIABLE = YES;
				IPHONEOS_DEPLOYMENT_TARGET = 16.2;
				MTL_ENABLE_DEBUG_INFO = INCLUDE_SOURCE;
				MTL_FAST_MATH = YES;
				ONLY_ACTIVE_ARCH = YES;
				SDKROOT = iphoneos;
				SWIFT_ACTIVE_COMPILATION_CONDITIONS = DEBUG;
				SWIFT_OPTIMIZATION_LEVEL = "-Onone";
			};
			name = Debug;
		};
		C72BE73E29D365C300EBEC70 /* Release */ = {
			isa = XCBuildConfiguration;
			buildSettings = {
				ALWAYS_SEARCH_USER_PATHS = NO;
				CLANG_ANALYZER_NONNULL = YES;
				CLANG_ANALYZER_NUMBER_OBJECT_CONVERSION = YES_AGGRESSIVE;
				CLANG_CXX_LANGUAGE_STANDARD = "gnu++20";
				CLANG_ENABLE_MODULES = YES;
				CLANG_ENABLE_OBJC_ARC = YES;
				CLANG_ENABLE_OBJC_WEAK = YES;
				CLANG_WARN_BLOCK_CAPTURE_AUTORELEASING = YES;
				CLANG_WARN_BOOL_CONVERSION = YES;
				CLANG_WARN_COMMA = YES;
				CLANG_WARN_CONSTANT_CONVERSION = YES;
				CLANG_WARN_DEPRECATED_OBJC_IMPLEMENTATIONS = YES;
				CLANG_WARN_DIRECT_OBJC_ISA_USAGE = YES_ERROR;
				CLANG_WARN_DOCUMENTATION_COMMENTS = YES;
				CLANG_WARN_EMPTY_BODY = YES;
				CLANG_WARN_ENUM_CONVERSION = YES;
				CLANG_WARN_INFINITE_RECURSION = YES;
				CLANG_WARN_INT_CONVERSION = YES;
				CLANG_WARN_NON_LITERAL_NULL_CONVERSION = YES;
				CLANG_WARN_OBJC_IMPLICIT_RETAIN_SELF = YES;
				CLANG_WARN_OBJC_LITERAL_CONVERSION = YES;
				CLANG_WARN_OBJC_ROOT_CLASS = YES_ERROR;
				CLANG_WARN_QUOTED_INCLUDE_IN_FRAMEWORK_HEADER = YES;
				CLANG_WARN_RANGE_LOOP_ANALYSIS = YES;
				CLANG_WARN_STRICT_PROTOTYPES = YES;
				CLANG_WARN_SUSPICIOUS_MOVE = YES;
				CLANG_WARN_UNGUARDED_AVAILABILITY = YES_AGGRESSIVE;
				CLANG_WARN_UNREACHABLE_CODE = YES;
				CLANG_WARN__DUPLICATE_METHOD_MATCH = YES;
				COPY_PHASE_STRIP = NO;
				DEBUG_INFORMATION_FORMAT = "dwarf-with-dsym";
				ENABLE_NS_ASSERTIONS = NO;
				ENABLE_STRICT_OBJC_MSGSEND = YES;
				GCC_C_LANGUAGE_STANDARD = gnu11;
				GCC_NO_COMMON_BLOCKS = YES;
				GCC_WARN_64_TO_32_BIT_CONVERSION = YES;
				GCC_WARN_ABOUT_RETURN_TYPE = YES_ERROR;
				GCC_WARN_UNDECLARED_SELECTOR = YES;
				GCC_WARN_UNINITIALIZED_AUTOS = YES_AGGRESSIVE;
				GCC_WARN_UNUSED_FUNCTION = YES;
				GCC_WARN_UNUSED_VARIABLE = YES;
				IPHONEOS_DEPLOYMENT_TARGET = 16.2;
				MTL_ENABLE_DEBUG_INFO = NO;
				MTL_FAST_MATH = YES;
				SDKROOT = iphoneos;
				SWIFT_COMPILATION_MODE = wholemodule;
				SWIFT_OPTIMIZATION_LEVEL = "-O";
				VALIDATE_PRODUCT = YES;
			};
			name = Release;
		};
		C72BE74029D365C300EBEC70 /* Debug */ = {
			isa = XCBuildConfiguration;
			buildSettings = {
				ASSETCATALOG_COMPILER_APPICON_NAME = AppIcon;
				ASSETCATALOG_COMPILER_GLOBAL_ACCENT_COLOR_NAME = AccentColor;
				CODE_SIGN_STYLE = Automatic;
				CURRENT_PROJECT_VERSION = 1;
				DEVELOPMENT_TEAM = L9XDAPP9VH;
				GENERATE_INFOPLIST_FILE = YES;
				INFOPLIST_FILE = TestTask/Info.plist;
				INFOPLIST_KEY_UIApplicationSupportsIndirectInputEvents = YES;
				INFOPLIST_KEY_UILaunchStoryboardName = LaunchScreen;
				INFOPLIST_KEY_UIMainStoryboardFile = Main;
				INFOPLIST_KEY_UISupportedInterfaceOrientations_iPad = "UIInterfaceOrientationPortrait UIInterfaceOrientationPortraitUpsideDown UIInterfaceOrientationLandscapeLeft UIInterfaceOrientationLandscapeRight";
				INFOPLIST_KEY_UISupportedInterfaceOrientations_iPhone = "UIInterfaceOrientationPortrait UIInterfaceOrientationLandscapeLeft UIInterfaceOrientationLandscapeRight";
				IPHONEOS_DEPLOYMENT_TARGET = 15.0;
				LD_RUNPATH_SEARCH_PATHS = (
					"$(inherited)",
					"@executable_path/Frameworks",
				);
				MARKETING_VERSION = 1.0;
				PRODUCT_BUNDLE_IDENTIFIER = "maxstefankiv2001-gmail.com.TestTask";
				PRODUCT_NAME = "$(TARGET_NAME)";
				SUPPORTED_PLATFORMS = "iphoneos iphonesimulator";
				SUPPORTS_MACCATALYST = NO;
				SUPPORTS_MAC_DESIGNED_FOR_IPHONE_IPAD = NO;
				SWIFT_EMIT_LOC_STRINGS = YES;
				SWIFT_VERSION = 5.0;
				TARGETED_DEVICE_FAMILY = 1;
			};
			name = Debug;
		};
		C72BE74129D365C300EBEC70 /* Release */ = {
			isa = XCBuildConfiguration;
			buildSettings = {
				ASSETCATALOG_COMPILER_APPICON_NAME = AppIcon;
				ASSETCATALOG_COMPILER_GLOBAL_ACCENT_COLOR_NAME = AccentColor;
				CODE_SIGN_STYLE = Automatic;
				CURRENT_PROJECT_VERSION = 1;
				DEVELOPMENT_TEAM = L9XDAPP9VH;
				GENERATE_INFOPLIST_FILE = YES;
				INFOPLIST_FILE = TestTask/Info.plist;
				INFOPLIST_KEY_UIApplicationSupportsIndirectInputEvents = YES;
				INFOPLIST_KEY_UILaunchStoryboardName = LaunchScreen;
				INFOPLIST_KEY_UIMainStoryboardFile = Main;
				INFOPLIST_KEY_UISupportedInterfaceOrientations_iPad = "UIInterfaceOrientationPortrait UIInterfaceOrientationPortraitUpsideDown UIInterfaceOrientationLandscapeLeft UIInterfaceOrientationLandscapeRight";
				INFOPLIST_KEY_UISupportedInterfaceOrientations_iPhone = "UIInterfaceOrientationPortrait UIInterfaceOrientationLandscapeLeft UIInterfaceOrientationLandscapeRight";
				IPHONEOS_DEPLOYMENT_TARGET = 15.0;
				LD_RUNPATH_SEARCH_PATHS = (
					"$(inherited)",
					"@executable_path/Frameworks",
				);
				MARKETING_VERSION = 1.0;
				PRODUCT_BUNDLE_IDENTIFIER = "maxstefankiv2001-gmail.com.TestTask";
				PRODUCT_NAME = "$(TARGET_NAME)";
				SUPPORTED_PLATFORMS = "iphoneos iphonesimulator";
				SUPPORTS_MACCATALYST = NO;
				SUPPORTS_MAC_DESIGNED_FOR_IPHONE_IPAD = NO;
				SWIFT_EMIT_LOC_STRINGS = YES;
				SWIFT_VERSION = 5.0;
				TARGETED_DEVICE_FAMILY = 1;
			};
			name = Release;
		};
/* End XCBuildConfiguration section */

/* Begin XCConfigurationList section */
		C72BE72329D365C200EBEC70 /* Build configuration list for PBXProject "TestTask" */ = {
			isa = XCConfigurationList;
			buildConfigurations = (
				C72BE73D29D365C300EBEC70 /* Debug */,
				C72BE73E29D365C300EBEC70 /* Release */,
			);
			defaultConfigurationIsVisible = 0;
			defaultConfigurationName = Release;
		};
		C72BE73F29D365C300EBEC70 /* Build configuration list for PBXNativeTarget "TestTask" */ = {
			isa = XCConfigurationList;
			buildConfigurations = (
				C72BE74029D365C300EBEC70 /* Debug */,
				C72BE74129D365C300EBEC70 /* Release */,
			);
			defaultConfigurationIsVisible = 0;
			defaultConfigurationName = Release;
		};
/* End XCConfigurationList section */

/* Begin XCVersionGroup section */
		C72BE73429D365C200EBEC70 /* TestTask.xcdatamodeld */ = {
			isa = XCVersionGroup;
			children = (
				C72BE73529D365C200EBEC70 /* TestTask.xcdatamodel */,
			);
			currentVersion = C72BE73529D365C200EBEC70 /* TestTask.xcdatamodel */;
			path = TestTask.xcdatamodeld;
			sourceTree = "<group>";
			versionGroupType = wrapper.xcdatamodel;
		};
/* End XCVersionGroup section */
	};
	rootObject = C72BE72029D365C200EBEC70 /* Project object */;
}
